
Microsoft Visual Studio Solution File, Format Version 12.00
# Visual Studio Version 16
VisualStudioVersion = 16.0.28803.352
MinimumVisualStudioVersion = 10.0.40219.1
Project("{FAE04EC0-301F-11D3-BF4B-00C04F79EFBC}") = "FlowDesign", "FlowDesign\FlowDesign.csproj", "{16EADB8A-20D7-43EA-94B3-ECBCAE65721B}"
EndProject
Global
	GlobalSection(SolutionConfigurationPlatforms) = preSolution
		Debug|Any CPU = Debug|Any CPU
		Release|Any CPU = Release|Any CPU
	EndGlobalSection
	GlobalSection(ProjectConfigurationPlatforms) = postSolution
		{16EADB8A-20D7-43EA-94B3-ECBCAE65721B}.Debug|Any CPU.ActiveCfg = Debug|Any CPU
		{16EADB8A-20D7-43EA-94B3-ECBCAE65721B}.Debug|Any CPU.Build.0 = Debug|Any CPU
		{16EADB8A-20D7-43EA-94B3-ECBCAE65721B}.Release|Any CPU.ActiveCfg = Release|Any CPU
		{16EADB8A-20D7-43EA-94B3-ECBCAE65721B}.Release|Any CPU.Build.0 = Release|Any CPU
	EndGlobalSection
	GlobalSection(SolutionProperties) = preSolution
		HideSolutionNode = FALSE
	EndGlobalSection
	GlobalSection(ExtensibilityGlobals) = postSolution
		SolutionGuid = {90EC0E64-B1DE-4210-AB9B-5F27008BB088}
	EndGlobalSection
EndGlobal
