
Microsoft Visual Studio Solution File, Format Version 12.00
# Visual Studio 15
VisualStudioVersion = 15.0.28307.106
MinimumVisualStudioVersion = 10.0.40219.1
Project("{FAE04EC0-301F-11D3-BF4B-00C04F79EFBC}") = "WordCount", "WordCount\WordCount.csproj", "{EFB9F385-829A-4188-9E3B-30FF3C6A6DAF}"
EndProject
Project("{FAE04EC0-301F-11D3-BF4B-00C04F79EFBC}") = "WordCountOperationsTest", "WordCountOperationsTest\WordCountOperationsTest.csproj", "{206AE0E0-5FB7-43C8-A86F-E6C6B13E15B1}"
EndProject
Global
	GlobalSection(SolutionConfigurationPlatforms) = preSolution
		Debug|Any CPU = Debug|Any CPU
		Release|Any CPU = Release|Any CPU
	EndGlobalSection
	GlobalSection(ProjectConfigurationPlatforms) = postSolution
		{EFB9F385-829A-4188-9E3B-30FF3C6A6DAF}.Debug|Any CPU.ActiveCfg = Debug|Any CPU
		{EFB9F385-829A-4188-9E3B-30FF3C6A6DAF}.Debug|Any CPU.Build.0 = Debug|Any CPU
		{EFB9F385-829A-4188-9E3B-30FF3C6A6DAF}.Release|Any CPU.ActiveCfg = Release|Any CPU
		{EFB9F385-829A-4188-9E3B-30FF3C6A6DAF}.Release|Any CPU.Build.0 = Release|Any CPU
		{206AE0E0-5FB7-43C8-A86F-E6C6B13E15B1}.Debug|Any CPU.ActiveCfg = Debug|Any CPU
		{206AE0E0-5FB7-43C8-A86F-E6C6B13E15B1}.Debug|Any CPU.Build.0 = Debug|Any CPU
		{206AE0E0-5FB7-43C8-A86F-E6C6B13E15B1}.Release|Any CPU.ActiveCfg = Release|Any CPU
		{206AE0E0-5FB7-43C8-A86F-E6C6B13E15B1}.Release|Any CPU.Build.0 = Release|Any CPU
	EndGlobalSection
	GlobalSection(SolutionProperties) = preSolution
		HideSolutionNode = FALSE
	EndGlobalSection
	GlobalSection(ExtensibilityGlobals) = postSolution
		SolutionGuid = {E0097B4E-F921-4AE4-940A-896E1C8C35B8}
	EndGlobalSection
EndGlobal
